PODS:
  - MFStoreHelperKit (1.0.0):
    - SFHFKeychainUtils (~> 1.0.0)
  - SFHFKeychainUtils (1.0.0)

DEPENDENCIES:
  - MFStoreHelperKit (from `../`)

SPEC REPOS:
  https://github.com/cocoapods/specs.git:
    - SFHFKeychainUtils

EXTERNAL SOURCES:
  MFStoreHelperKit:
    :path: "../"

SPEC CHECKSUMS:
  MFStoreHelperKit: 844b1bf10b2ffa451c8d30b89981a370e521e428
  SFHFKeychainUtils: a4e064aedb7a5ada3d5219152d45f53cebc16507

PODFILE CHECKSUM: e3f01849ec11e6da37dba18530ef353f48817bf6

COCOAPODS: 1.5.3
